PODS:
  - MediumProgressView (1.0.6)
  - ReachabilitySwift (1.1)
  - SwiftyJSON (2.2.0)
  - XCGLogger (2.1.1)

DEPENDENCIES:
  - MediumProgressView (from `file:///Users/jussi/dev/iOS/mediumprogressview/`)
  - ReachabilitySwift (~> 1.1)
  - SwiftyJSON (~> 2.2)
  - XCGLogger (~> 2.1)

EXTERNAL SOURCES:
  MediumProgressView:
    :git: file:///Users/jussi/dev/iOS/mediumprogressview/

CHECKOUT OPTIONS:
  MediumProgressView:
    :commit: 90355f260172301fa2e6caf55760896794da6d5c
    :git: file:///Users/jussi/dev/iOS/mediumprogressview/

SPEC CHECKSUMS:
  MediumProgressView: 96911061f6f1843ca7512fd4a7950c6c5d1dc543
  ReachabilitySwift: 1e53abddb01111deac0d229dabdb8bb043567b18
  SwiftyJSON: 0b3e6c07af17ff745e77e8e9984097b55c956e5c
  XCGLogger: 8df921bcf88abbd511b887c8febde8163d624d81

COCOAPODS: 0.37.2
