// !$*UTF8*$!
{
	archiveVersion = 1;
	classes = {
	};
	objectVersion = 46;
	objects = {

/* Begin PBXBuildFile section */
		4A0EA35F1B21C0B000F747D0 /* AppDelegate.swift in Sources */ = {isa = PBXBuildFile; fileRef = 4A0EA35E1B21C0B000F747D0 /* AppDelegate.swift */; };
		4A0EA3661B21C0B000F747D0 /* Images.xcassets in Resources */ = {isa = PBXBuildFile; fileRef = 4A0EA3651B21C0B000F747D0 /* Images.xcassets */; };
		4A0EA3691B21C0B000F747D0 /* LaunchScreen.xib in Resources */ = {isa = PBXBuildFile; fileRef = 4A0EA3671B21C0B000F747D0 /* LaunchScreen.xib */; };
		4A0EA3751B21C0B000F747D0 /* BusStopTests.swift in Sources */ = {isa = PBXBuildFile; fileRef = 4A0EA3741B21C0B000F747D0 /* BusStopTests.swift */; };
		4A0EA37F1B23234100F747D0 /* SearchResultsViewController.swift in Sources */ = {isa = PBXBuildFile; fileRef = 4A0EA37E1B23234100F747D0 /* SearchResultsViewController.swift */; };
		4A0EA3811B23235800F747D0 /* APIController.swift in Sources */ = {isa = PBXBuildFile; fileRef = 4A0EA3801B23235800F747D0 /* APIController.swift */; };
		4A141BA01B2B15890009DED9 /* Stop.swift in Sources */ = {isa = PBXBuildFile; fileRef = 4A141B9F1B2B15890009DED9 /* Stop.swift */; };
		4A4D12B91B2AC01900B6B757 /* VehicleActivity.swift in Sources */ = {isa = PBXBuildFile; fileRef = 4A4D12B81B2AC01900B6B757 /* VehicleActivity.swift */; };
		4AAFBABB1B236791008F488D /* Main.storyboard in Resources */ = {isa = PBXBuildFile; fileRef = 4AAFBABA1B236791008F488D /* Main.storyboard */; };
		64A12E5854F293C1C1F594F3 /* Pods_BusStop.framework in Frameworks */ = {isa = PBXBuildFile; fileRef = EAB3E59295EC798745861F0F /* Pods_BusStop.framework */; settings = {ATTRIBUTES = (Weak, ); }; };
		CF471BB10972F3F919CA0F3E /* Pods_BusStopTests.framework in Frameworks */ = {isa = PBXBuildFile; fileRef = A27665056396F0B6312A24B3 /* Pods_BusStopTests.framework */; settings = {ATTRIBUTES = (Weak, ); }; };
/* End PBXBuildFile section */

/* Begin PBXContainerItemProxy section */
		4A0EA36F1B21C0B000F747D0 /* PBXContainerItemProxy */ = {
			isa = PBXContainerItemProxy;
			containerPortal = 4A0EA3511B21C0B000F747D0 /* Project object */;
			proxyType = 1;
			remoteGlobalIDString = 4A0EA3581B21C0B000F747D0;
			remoteInfo = BusStop;
		};
/* End PBXContainerItemProxy section */

/* Begin PBXFileReference section */
		21E9CFEBB044447E7E089058 /* Pods-BusStopTests.debug.xcconfig */ = {isa = PBXFileReference; includeInIndex = 1; lastKnownFileType = text.xcconfig; name = "Pods-BusStopTests.debug.xcconfig"; path = "Pods/Target Support Files/Pods-BusStopTests/Pods-BusStopTests.debug.xcconfig"; sourceTree = "<group>"; };
		4A0EA3591B21C0B000F747D0 /* BusStop.app */ = {isa = PBXFileReference; explicitFileType = wrapper.application; includeInIndex = 0; path = BusStop.app; sourceTree = BUILT_PRODUCTS_DIR; };
		4A0EA35D1B21C0B000F747D0 /* Info.plist */ = {isa = PBXFileReference; lastKnownFileType = text.plist.xml; path = Info.plist; sourceTree = "<group>"; };
		4A0EA35E1B21C0B000F747D0 /* AppDelegate.swift */ = {isa = PBXFileReference; lastKnownFileType = sourcecode.swift; path = AppDelegate.swift; sourceTree = "<group>"; };
		4A0EA3651B21C0B000F747D0 /* Images.xcassets */ = {isa = PBXFileReference; lastKnownFileType = folder.assetcatalog; path = Images.xcassets; sourceTree = "<group>"; };
		4A0EA3681B21C0B000F747D0 /* Base */ = {isa = PBXFileReference; lastKnownFileType = file.xib; name = Base; path = Base.lproj/LaunchScreen.xib; sourceTree = "<group>"; };
		4A0EA36E1B21C0B000F747D0 /* BusStopTests.xctest */ = {isa = PBXFileReference; explicitFileType = wrapper.cfbundle; includeInIndex = 0; path = BusStopTests.xctest; sourceTree = BUILT_PRODUCTS_DIR; };
		4A0EA3731B21C0B000F747D0 /* Info.plist */ = {isa = PBXFileReference; lastKnownFileType = text.plist.xml; path = Info.plist; sourceTree = "<group>"; };
		4A0EA3741B21C0B000F747D0 /* BusStopTests.swift */ = {isa = PBXFileReference; lastKnownFileType = sourcecode.swift; path = BusStopTests.swift; sourceTree = "<group>"; };
		4A0EA37E1B23234100F747D0 /* SearchResultsViewController.swift */ = {isa = PBXFileReference; fileEncoding = 4; lastKnownFileType = sourcecode.swift; path = SearchResultsViewController.swift; sourceTree = "<group>"; };
		4A0EA3801B23235800F747D0 /* APIController.swift */ = {isa = PBXFileReference; fileEncoding = 4; lastKnownFileType = sourcecode.swift; path = APIController.swift; sourceTree = "<group>"; };
		4A141B9F1B2B15890009DED9 /* Stop.swift */ = {isa = PBXFileReference; fileEncoding = 4; lastKnownFileType = sourcecode.swift; path = Stop.swift; sourceTree = "<group>"; };
		4A4D12B81B2AC01900B6B757 /* VehicleActivity.swift */ = {isa = PBXFileReference; fileEncoding = 4; lastKnownFileType = sourcecode.swift; path = VehicleActivity.swift; sourceTree = "<group>"; };
		4A75298AA8FC50C4F94424EA /* Pods-BusStop.release.xcconfig */ = {isa = PBXFileReference; includeInIndex = 1; lastKnownFileType = text.xcconfig; name = "Pods-BusStop.release.xcconfig"; path = "Pods/Target Support Files/Pods-BusStop/Pods-BusStop.release.xcconfig"; sourceTree = "<group>"; };
		4AAFBABA1B236791008F488D /* Main.storyboard */ = {isa = PBXFileReference; fileEncoding = 4; lastKnownFileType = file.storyboard; path = Main.storyboard; sourceTree = "<group>"; };
		943E961222DF8A313F9D305B /* Pods-BusStopTests.release.xcconfig */ = {isa = PBXFileReference; includeInIndex = 1; lastKnownFileType = text.xcconfig; name = "Pods-BusStopTests.release.xcconfig"; path = "Pods/Target Support Files/Pods-BusStopTests/Pods-BusStopTests.release.xcconfig"; sourceTree = "<group>"; };
		A27665056396F0B6312A24B3 /* Pods_BusStopTests.framework */ = {isa = PBXFileReference; explicitFileType = wrapper.framework; includeInIndex = 0; path = Pods_BusStopTests.framework; sourceTree = BUILT_PRODUCTS_DIR; };
		AB0C6C690533FAB9B7CD8A0B /* Pods-BusStop.debug.xcconfig */ = {isa = PBXFileReference; includeInIndex = 1; lastKnownFileType = text.xcconfig; name = "Pods-BusStop.debug.xcconfig"; path = "Pods/Target Support Files/Pods-BusStop/Pods-BusStop.debug.xcconfig"; sourceTree = "<group>"; };
		EAB3E59295EC798745861F0F /* Pods_BusStop.framework */ = {isa = PBXFileReference; explicitFileType = wrapper.framework; includeInIndex = 0; path = Pods_BusStop.framework; sourceTree = BUILT_PRODUCTS_DIR; };
/* End PBXFileReference section */

/* Begin PBXFrameworksBuildPhase section */
		4A0EA3561B21C0B000F747D0 /* Frameworks */ = {
			isa = PBXFrameworksBuildPhase;
			buildActionMask = 2147483647;
			files = (
				64A12E5854F293C1C1F594F3 /* Pods_BusStop.framework in Frameworks */,
			);
			runOnlyForDeploymentPostprocessing = 0;
		};
		4A0EA36B1B21C0B000F747D0 /* Frameworks */ = {
			isa = PBXFrameworksBuildPhase;
			buildActionMask = 2147483647;
			files = (
				CF471BB10972F3F919CA0F3E /* Pods_BusStopTests.framework in Frameworks */,
			);
			runOnlyForDeploymentPostprocessing = 0;
		};
/* End PBXFrameworksBuildPhase section */

/* Begin PBXGroup section */
		3D46AF4CBA289C7B981D62FC /* Frameworks */ = {
			isa = PBXGroup;
			children = (
				EAB3E59295EC798745861F0F /* Pods_BusStop.framework */,
				A27665056396F0B6312A24B3 /* Pods_BusStopTests.framework */,
			);
			name = Frameworks;
			sourceTree = "<group>";
		};
		48E646FB0E105059211C2A8C /* Pods */ = {
			isa = PBXGroup;
			children = (
				AB0C6C690533FAB9B7CD8A0B /* Pods-BusStop.debug.xcconfig */,
				4A75298AA8FC50C4F94424EA /* Pods-BusStop.release.xcconfig */,
				21E9CFEBB044447E7E089058 /* Pods-BusStopTests.debug.xcconfig */,
				943E961222DF8A313F9D305B /* Pods-BusStopTests.release.xcconfig */,
			);
			name = Pods;
			sourceTree = "<group>";
		};
		4A0EA3501B21C0B000F747D0 = {
			isa = PBXGroup;
			children = (
				4A0EA35B1B21C0B000F747D0 /* BusStop */,
				4A0EA3711B21C0B000F747D0 /* BusStopTests */,
				4A0EA35A1B21C0B000F747D0 /* Products */,
				48E646FB0E105059211C2A8C /* Pods */,
				3D46AF4CBA289C7B981D62FC /* Frameworks */,
			);
			sourceTree = "<group>";
		};
		4A0EA35A1B21C0B000F747D0 /* Products */ = {
			isa = PBXGroup;
			children = (
				4A0EA3591B21C0B000F747D0 /* BusStop.app */,
				4A0EA36E1B21C0B000F747D0 /* BusStopTests.xctest */,
			);
			name = Products;
			sourceTree = "<group>";
		};
		4A0EA35B1B21C0B000F747D0 /* BusStop */ = {
			isa = PBXGroup;
			children = (
				4A0EA35E1B21C0B000F747D0 /* AppDelegate.swift */,
				4A0EA37E1B23234100F747D0 /* SearchResultsViewController.swift */,
				4A0EA3801B23235800F747D0 /* APIController.swift */,
				4A141B9F1B2B15890009DED9 /* Stop.swift */,
				4A4D12B81B2AC01900B6B757 /* VehicleActivity.swift */,
				4AAFBABA1B236791008F488D /* Main.storyboard */,
				4A0EA3651B21C0B000F747D0 /* Images.xcassets */,
				4A0EA3671B21C0B000F747D0 /* LaunchScreen.xib */,
				4A0EA35C1B21C0B000F747D0 /* Supporting Files */,
			);
			path = BusStop;
			sourceTree = "<group>";
		};
		4A0EA35C1B21C0B000F747D0 /* Supporting Files */ = {
			isa = PBXGroup;
			children = (
				4A0EA35D1B21C0B000F747D0 /* Info.plist */,
			);
			name = "Supporting Files";
			sourceTree = "<group>";
		};
		4A0EA3711B21C0B000F747D0 /* BusStopTests */ = {
			isa = PBXGroup;
			children = (
				4A0EA3741B21C0B000F747D0 /* BusStopTests.swift */,
				4A0EA3721B21C0B000F747D0 /* Supporting Files */,
			);
			path = BusStopTests;
			sourceTree = "<group>";
		};
		4A0EA3721B21C0B000F747D0 /* Supporting Files */ = {
			isa = PBXGroup;
			children = (
				4A0EA3731B21C0B000F747D0 /* Info.plist */,
			);
			name = "Supporting Files";
			sourceTree = "<group>";
		};
/* End PBXGroup section */

/* Begin PBXNativeTarget section */
		4A0EA3581B21C0B000F747D0 /* BusStop */ = {
			isa = PBXNativeTarget;
			buildConfigurationList = 4A0EA3781B21C0B000F747D0 /* Build configuration list for PBXNativeTarget "BusStop" */;
			buildPhases = (
				AB933D9FDF9032AAB2238CA6 /* Check Pods Manifest.lock */,
				4A0EA3551B21C0B000F747D0 /* Sources */,
				4A0EA3561B21C0B000F747D0 /* Frameworks */,
				4A0EA3571B21C0B000F747D0 /* Resources */,
				97AB2CBA6BAF3F845FC3849C /* Embed Pods Frameworks */,
				B222CECFCBC776CC7DCD8518 /* Copy Pods Resources */,
			);
			buildRules = (
			);
			dependencies = (
			);
			name = BusStop;
			productName = BusStop;
			productReference = 4A0EA3591B21C0B000F747D0 /* BusStop.app */;
			productType = "com.apple.product-type.application";
		};
		4A0EA36D1B21C0B000F747D0 /* BusStopTests */ = {
			isa = PBXNativeTarget;
			buildConfigurationList = 4A0EA37B1B21C0B000F747D0 /* Build configuration list for PBXNativeTarget "BusStopTests" */;
			buildPhases = (
				A789412CBD3DDCE6463CBF11 /* Check Pods Manifest.lock */,
				4A0EA36A1B21C0B000F747D0 /* Sources */,
				4A0EA36B1B21C0B000F747D0 /* Frameworks */,
				4A0EA36C1B21C0B000F747D0 /* Resources */,
				A626318715A555526558974F /* Embed Pods Frameworks */,
				C5F377C469C5C4420AE009FB /* Copy Pods Resources */,
			);
			buildRules = (
			);
			dependencies = (
				4A0EA3701B21C0B000F747D0 /* PBXTargetDependency */,
			);
			name = BusStopTests;
			productName = BusStopTests;
			productReference = 4A0EA36E1B21C0B000F747D0 /* BusStopTests.xctest */;
			productType = "com.apple.product-type.bundle.unit-test";
		};
/* End PBXNativeTarget section */

/* Begin PBXProject section */
		4A0EA3511B21C0B000F747D0 /* Project object */ = {
			isa = PBXProject;
			attributes = {
				LastSwiftUpdateCheck = 0700;
				LastUpgradeCheck = 0630;
				ORGANIZATIONNAME = Solipaste;
				TargetAttributes = {
					4A0EA3581B21C0B000F747D0 = {
						CreatedOnToolsVersion = 6.3.2;
					};
					4A0EA36D1B21C0B000F747D0 = {
						CreatedOnToolsVersion = 6.3.2;
						TestTargetID = 4A0EA3581B21C0B000F747D0;
					};
				};
			};
			buildConfigurationList = 4A0EA3541B21C0B000F747D0 /* Build configuration list for PBXProject "BusStop" */;
			compatibilityVersion = "Xcode 3.2";
			developmentRegion = English;
			hasScannedForEncodings = 0;
			knownRegions = (
				en,
				Base,
			);
			mainGroup = 4A0EA3501B21C0B000F747D0;
			productRefGroup = 4A0EA35A1B21C0B000F747D0 /* Products */;
			projectDirPath = "";
			projectRoot = "";
			targets = (
				4A0EA3581B21C0B000F747D0 /* BusStop */,
				4A0EA36D1B21C0B000F747D0 /* BusStopTests */,
			);
		};
/* End PBXProject section */

/* Begin PBXResourcesBuildPhase section */
		4A0EA3571B21C0B000F747D0 /* Resources */ = {
			isa = PBXResourcesBuildPhase;
			buildActionMask = 2147483647;
			files = (
				4AAFBABB1B236791008F488D /* Main.storyboard in Resources */,
				4A0EA3691B21C0B000F747D0 /* LaunchScreen.xib in Resources */,
				4A0EA3661B21C0B000F747D0 /* Images.xcassets in Resources */,
			);
			runOnlyForDeploymentPostprocessing = 0;
		};
		4A0EA36C1B21C0B000F747D0 /* Resources */ = {
			isa = PBXResourcesBuildPhase;
			buildActionMask = 2147483647;
			files = (
			);
			runOnlyForDeploymentPostprocessing = 0;
		};
/* End PBXResourcesBuildPhase section */

/* Begin PBXShellScriptBuildPhase section */
		97AB2CBA6BAF3F845FC3849C /* Embed Pods Frameworks */ = {
			isa = PBXShellScriptBuildPhase;
			buildActionMask = 2147483647;
			files = (
			);
			inputPaths = (
			);
			name = "Embed Pods Frameworks";
			outputPaths = (
			);
			runOnlyForDeploymentPostprocessing = 0;
			shellPath = /bin/sh;
			shellScript = "\"${SRCROOT}/Pods/Target Support Files/Pods-BusStop/Pods-BusStop-frameworks.sh\"\n";
			showEnvVarsInLog = 0;
		};
		A626318715A555526558974F /* Embed Pods Frameworks */ = {
			isa = PBXShellScriptBuildPhase;
			buildActionMask = 2147483647;
			files = (
			);
			inputPaths = (
			);
			name = "Embed Pods Frameworks";
			outputPaths = (
			);
			runOnlyForDeploymentPostprocessing = 0;
			shellPath = /bin/sh;
			shellScript = "\"${SRCROOT}/Pods/Target Support Files/Pods-BusStopTests/Pods-BusStopTests-frameworks.sh\"\n";
			showEnvVarsInLog = 0;
		};
		A789412CBD3DDCE6463CBF11 /* Check Pods Manifest.lock */ = {
			isa = PBXShellScriptBuildPhase;
			buildActionMask = 2147483647;
			files = (
			);
			inputPaths = (
			);
			name = "Check Pods Manifest.lock";
			outputPaths = (
			);
			runOnlyForDeploymentPostprocessing = 0;
			shellPath = /bin/sh;
			shellScript = "diff \"${PODS_ROOT}/../Podfile.lock\" \"${PODS_ROOT}/Manifest.lock\" > /dev/null\nif [[ $? != 0 ]] ; then\n    cat << EOM\nerror: The sandbox is not in sync with the Podfile.lock. Run 'pod install' or update your CocoaPods installation.\nEOM\n    exit 1\nfi\n";
			showEnvVarsInLog = 0;
		};
		AB933D9FDF9032AAB2238CA6 /* Check Pods Manifest.lock */ = {
			isa = PBXShellScriptBuildPhase;
			buildActionMask = 2147483647;
			files = (
			);
			inputPaths = (
			);
			name = "Check Pods Manifest.lock";
			outputPaths = (
			);
			runOnlyForDeploymentPostprocessing = 0;
			shellPath = /bin/sh;
			shellScript = "diff \"${PODS_ROOT}/../Podfile.lock\" \"${PODS_ROOT}/Manifest.lock\" > /dev/null\nif [[ $? != 0 ]] ; then\n    cat << EOM\nerror: The sandbox is not in sync with the Podfile.lock. Run 'pod install' or update your CocoaPods installation.\nEOM\n    exit 1\nfi\n";
			showEnvVarsInLog = 0;
		};
		B222CECFCBC776CC7DCD8518 /* Copy Pods Resources */ = {
			isa = PBXShellScriptBuildPhase;
			buildActionMask = 2147483647;
			files = (
			);
			inputPaths = (
			);
			name = "Copy Pods Resources";
			outputPaths = (
			);
			runOnlyForDeploymentPostprocessing = 0;
			shellPath = /bin/sh;
			shellScript = "\"${SRCROOT}/Pods/Target Support Files/Pods-BusStop/Pods-BusStop-resources.sh\"\n";
			showEnvVarsInLog = 0;
		};
		C5F377C469C5C4420AE009FB /* Copy Pods Resources */ = {
			isa = PBXShellScriptBuildPhase;
			buildActionMask = 2147483647;
			files = (
			);
			inputPaths = (
			);
			name = "Copy Pods Resources";
			outputPaths = (
			);
			runOnlyForDeploymentPostprocessing = 0;
			shellPath = /bin/sh;
			shellScript = "\"${SRCROOT}/Pods/Target Support Files/Pods-BusStopTests/Pods-BusStopTests-resources.sh\"\n";
			showEnvVarsInLog = 0;
		};
/* End PBXShellScriptBuildPhase section */

/* Begin PBXSourcesBuildPhase section */
		4A0EA3551B21C0B000F747D0 /* Sources */ = {
			isa = PBXSourcesBuildPhase;
			buildActionMask = 2147483647;
			files = (
				4A0EA3811B23235800F747D0 /* APIController.swift in Sources */,
				4A4D12B91B2AC01900B6B757 /* VehicleActivity.swift in Sources */,
				4A0EA37F1B23234100F747D0 /* SearchResultsViewController.swift in Sources */,
				4A0EA35F1B21C0B000F747D0 /* AppDelegate.swift in Sources */,
				4A141BA01B2B15890009DED9 /* Stop.swift in Sources */,
			);
			runOnlyForDeploymentPostprocessing = 0;
		};
		4A0EA36A1B21C0B000F747D0 /* Sources */ = {
			isa = PBXSourcesBuildPhase;
			buildActionMask = 2147483647;
			files = (
				4A0EA3751B21C0B000F747D0 /* BusStopTests.swift in Sources */,
			);
			runOnlyForDeploymentPostprocessing = 0;
		};
/* End PBXSourcesBuildPhase section */

/* Begin PBXTargetDependency section */
		4A0EA3701B21C0B000F747D0 /* PBXTargetDependency */ = {
			isa = PBXTargetDependency;
			target = 4A0EA3581B21C0B000F747D0 /* BusStop */;
			targetProxy = 4A0EA36F1B21C0B000F747D0 /* PBXContainerItemProxy */;
		};
/* End PBXTargetDependency section */

/* Begin PBXVariantGroup section */
		4A0EA3671B21C0B000F747D0 /* LaunchScreen.xib */ = {
			isa = PBXVariantGroup;
			children = (
				4A0EA3681B21C0B000F747D0 /* Base */,
			);
			name = LaunchScreen.xib;
			sourceTree = "<group>";
		};
/* End PBXVariantGroup section */

/* Begin XCBuildConfiguration section */
		4A0EA3761B21C0B000F747D0 /* Debug */ = {
			isa = XCBuildConfiguration;
			buildSettings = {
				ALWAYS_SEARCH_USER_PATHS = NO;
				CLANG_CXX_LANGUAGE_STANDARD = "gnu++0x";
				CLANG_CXX_LIBRARY = "libc++";
				CLANG_ENABLE_MODULES = YES;
				CLANG_ENABLE_OBJC_ARC = YES;
				CLANG_WARN_BOOL_CONVERSION = YES;
				CLANG_WARN_CONSTANT_CONVERSION = YES;
				CLANG_WARN_DIRECT_OBJC_ISA_USAGE = YES_ERROR;
				CLANG_WARN_EMPTY_BODY = YES;
				CLANG_WARN_ENUM_CONVERSION = YES;
				CLANG_WARN_INT_CONVERSION = YES;
				CLANG_WARN_OBJC_ROOT_CLASS = YES_ERROR;
				CLANG_WARN_UNREACHABLE_CODE = YES;
				CLANG_WARN__DUPLICATE_METHOD_MATCH = YES;
				"CODE_SIGN_IDENTITY[sdk=iphoneos*]" = "iPhone Developer";
				COPY_PHASE_STRIP = NO;
				DEBUG_INFORMATION_FORMAT = "dwarf-with-dsym";
				ENABLE_STRICT_OBJC_MSGSEND = YES;
				GCC_C_LANGUAGE_STANDARD = gnu99;
				GCC_DYNAMIC_NO_PIC = NO;
				GCC_NO_COMMON_BLOCKS = YES;
				GCC_OPTIMIZATION_LEVEL = 0;
				GCC_PREPROCESSOR_DEFINITIONS = (
					"DEBUG=1",
					"$(inherited)",
				);
				GCC_SYMBOLS_PRIVATE_EXTERN = NO;
				GCC_WARN_64_TO_32_BIT_CONVERSION = YES;
				GCC_WARN_ABOUT_RETURN_TYPE = YES_ERROR;
				GCC_WARN_UNDECLARED_SELECTOR = YES;
				GCC_WARN_UNINITIALIZED_AUTOS = YES_AGGRESSIVE;
				GCC_WARN_UNUSED_FUNCTION = YES;
				GCC_WARN_UNUSED_VARIABLE = YES;
				IPHONEOS_DEPLOYMENT_TARGET = 8.3;
				MTL_ENABLE_DEBUG_INFO = YES;
				ONLY_ACTIVE_ARCH = YES;
				SDKROOT = iphoneos;
				SWIFT_OPTIMIZATION_LEVEL = "-Onone";
				SWIFT_WHOLE_MODULE_OPTIMIZATION = YES;
			};
			name = Debug;
		};
		4A0EA3771B21C0B000F747D0 /* Release */ = {
			isa = XCBuildConfiguration;
			buildSettings = {
				ALWAYS_SEARCH_USER_PATHS = NO;
				CLANG_CXX_LANGUAGE_STANDARD = "gnu++0x";
				CLANG_CXX_LIBRARY = "libc++";
				CLANG_ENABLE_MODULES = YES;
				CLANG_ENABLE_OBJC_ARC = YES;
				CLANG_WARN_BOOL_CONVERSION = YES;
				CLANG_WARN_CONSTANT_CONVERSION = YES;
				CLANG_WARN_DIRECT_OBJC_ISA_USAGE = YES_ERROR;
				CLANG_WARN_EMPTY_BODY = YES;
				CLANG_WARN_ENUM_CONVERSION = YES;
				CLANG_WARN_INT_CONVERSION = YES;
				CLANG_WARN_OBJC_ROOT_CLASS = YES_ERROR;
				CLANG_WARN_UNREACHABLE_CODE = YES;
				CLANG_WARN__DUPLICATE_METHOD_MATCH = YES;
				"CODE_SIGN_IDENTITY[sdk=iphoneos*]" = "iPhone Developer";
				COPY_PHASE_STRIP = NO;
				DEBUG_INFORMATION_FORMAT = "dwarf-with-dsym";
				ENABLE_NS_ASSERTIONS = NO;
				ENABLE_STRICT_OBJC_MSGSEND = YES;
				GCC_C_LANGUAGE_STANDARD = gnu99;
				GCC_NO_COMMON_BLOCKS = YES;
				GCC_WARN_64_TO_32_BIT_CONVERSION = YES;
				GCC_WARN_ABOUT_RETURN_TYPE = YES_ERROR;
				GCC_WARN_UNDECLARED_SELECTOR = YES;
				GCC_WARN_UNINITIALIZED_AUTOS = YES_AGGRESSIVE;
				GCC_WARN_UNUSED_FUNCTION = YES;
				GCC_WARN_UNUSED_VARIABLE = YES;
				IPHONEOS_DEPLOYMENT_TARGET = 8.3;
				MTL_ENABLE_DEBUG_INFO = NO;
				SDKROOT = iphoneos;
				VALIDATE_PRODUCT = YES;
			};
			name = Release;
		};
		4A0EA3791B21C0B000F747D0 /* Debug */ = {
			isa = XCBuildConfiguration;
			baseConfigurationReference = AB0C6C690533FAB9B7CD8A0B /* Pods-BusStop.debug.xcconfig */;
			buildSettings = {
				ASSETCATALOG_COMPILER_APPICON_NAME = AppIcon;
				INFOPLIST_FILE = BusStop/Info.plist;
				LD_RUNPATH_SEARCH_PATHS = "$(inherited) @executable_path/Frameworks";
				PRODUCT_NAME = "$(TARGET_NAME)";
			};
			name = Debug;
		};
		4A0EA37A1B21C0B000F747D0 /* Release */ = {
			isa = XCBuildConfiguration;
			baseConfigurationReference = 4A75298AA8FC50C4F94424EA /* Pods-BusStop.release.xcconfig */;
			buildSettings = {
				ASSETCATALOG_COMPILER_APPICON_NAME = AppIcon;
				INFOPLIST_FILE = BusStop/Info.plist;
				LD_RUNPATH_SEARCH_PATHS = "$(inherited) @executable_path/Frameworks";
				PRODUCT_NAME = "$(TARGET_NAME)";
			};
			name = Release;
		};
		4A0EA37C1B21C0B000F747D0 /* Debug */ = {
			isa = XCBuildConfiguration;
			baseConfigurationReference = 21E9CFEBB044447E7E089058 /* Pods-BusStopTests.debug.xcconfig */;
			buildSettings = {
				BUNDLE_LOADER = "$(TEST_HOST)";
				FRAMEWORK_SEARCH_PATHS = (
					"$(SDKROOT)/Developer/Library/Frameworks",
					"$(inherited)",
				);
				GCC_PREPROCESSOR_DEFINITIONS = (
					"DEBUG=1",
					"$(inherited)",
				);
				INFOPLIST_FILE = BusStopTests/Info.plist;
				LD_RUNPATH_SEARCH_PATHS = "$(inherited) @executable_path/Frameworks @loader_path/Frameworks";
				PRODUCT_NAME = "$(TARGET_NAME)";
				TEST_HOST = "$(BUILT_PRODUCTS_DIR)/BusStop.app/BusStop";
			};
			name = Debug;
		};
		4A0EA37D1B21C0B000F747D0 /* Release */ = {
			isa = XCBuildConfiguration;
			baseConfigurationReference = 943E961222DF8A313F9D305B /* Pods-BusStopTests.release.xcconfig */;
			buildSettings = {
				BUNDLE_LOADER = "$(TEST_HOST)";
				FRAMEWORK_SEARCH_PATHS = (
					"$(SDKROOT)/Developer/Library/Frameworks",
					"$(inherited)",
				);
				INFOPLIST_FILE = BusStopTests/Info.plist;
				LD_RUNPATH_SEARCH_PATHS = "$(inherited) @executable_path/Frameworks @loader_path/Frameworks";
				PRODUCT_NAME = "$(TARGET_NAME)";
				TEST_HOST = "$(BUILT_PRODUCTS_DIR)/BusStop.app/BusStop";
			};
			name = Release;
		};
/* End XCBuildConfiguration section */

/* Begin XCConfigurationList section */
		4A0EA3541B21C0B000F747D0 /* Build configuration list for PBXProject "BusStop" */ = {
			isa = XCConfigurationList;
			buildConfigurations = (
				4A0EA3761B21C0B000F747D0 /* Debug */,
				4A0EA3771B21C0B000F747D0 /* Release */,
			);
			defaultConfigurationIsVisible = 0;
			defaultConfigurationName = Release;
		};
		4A0EA3781B21C0B000F747D0 /* Build configuration list for PBXNativeTarget "BusStop" */ = {
			isa = XCConfigurationList;
			buildConfigurations = (
				4A0EA3791B21C0B000F747D0 /* Debug */,
				4A0EA37A1B21C0B000F747D0 /* Release */,
			);
			defaultConfigurationIsVisible = 0;
			defaultConfigurationName = Release;
		};
		4A0EA37B1B21C0B000F747D0 /* Build configuration list for PBXNativeTarget "BusStopTests" */ = {
			isa = XCConfigurationList;
			buildConfigurations = (
				4A0EA37C1B21C0B000F747D0 /* Debug */,
				4A0EA37D1B21C0B000F747D0 /* Release */,
			);
			defaultConfigurationIsVisible = 0;
			defaultConfigurationName = Release;
		};
/* End XCConfigurationList section */
	};
	rootObject = 4A0EA3511B21C0B000F747D0 /* Project object */;
}
